# This is a Gradle generated file for dependency locking.
# Manual edits can break the build and are not advised.
# This file is expected to be part of source control.
# To regenerate this file, run: ./gradlew :appointment-event:dependencies --write-locks
ai.timefold.solver:timefold-solver-bom:2.4.0=compileClasspath
biz.aQute.bnd:biz.aQute.bnd.annotation:7.1.0=testCompileClasspath
ch.qos.logback:logback-classic:1.5.34=compileClasspath,runtimeClasspath,testCompileClasspath,testRuntimeClasspath
ch.qos.logback:logback-core:1.5.34=compileClasspath,runtimeClasspath,testCompileClasspath,testRuntimeClasspath
com.datastax.cassandra:cassandra-driver-core:3.10.0=testCompileClasspath,testRuntimeClasspath
com.fasterxml.jackson.core:jackson-annotations:2.21=compileClasspath,dokkaHtmlGeneratorRuntimeResolver~internal,runtimeClasspath,testCompileClasspath,testRuntimeClasspath
com.fasterxml.jackson.core:jackson-core:2.21.4=dokkaHtmlGeneratorRuntimeResolver~internal,testCompileClasspath,testRuntimeClasspath
com.fasterxml.jackson.core:jackson-databind:2.21.4=dokkaHtmlGeneratorRuntimeResolver~internal,testCompileClasspath,testRuntimeClasspath
com.fasterxml.jackson.dataformat:jackson-dataformat-xml:2.21.4=dokkaHtmlGeneratorRuntimeResolver~internal
com.fasterxml.jackson.module:jackson-module-kotlin:2.21.4=dokkaHtmlGeneratorRuntimeResolver~internal
com.fasterxml.jackson:jackson-bom:2.21.4=dokkaHtmlGeneratorRuntimeResolver~internal,testCompileClasspath,testRuntimeClasspath
com.fasterxml.uuid:java-uuid-generator:5.2.0=compileClasspath,runtimeClasspath,testCompileClasspath,testRuntimeClasspath
com.fasterxml.woodstox:woodstox-core:7.1.1=dokkaHtmlGeneratorRuntimeResolver~internal
com.github.ben-manes.caffeine:caffeine:3.2.4=compileClasspath,runtimeClasspath,testCompileClasspath,testRuntimeClasspath
com.github.ben-manes.caffeine:jcache:3.2.4=compileClasspath,runtimeClasspath,testCompileClasspath,testRuntimeClasspath
com.github.curious-odd-man:rgxgen:3.1=testCompileClasspath,testRuntimeClasspath
com.github.docker-java:docker-java-api:3.7.1=testCompileClasspath,testRuntimeClasspath
com.github.docker-java:docker-java-transport-zerodep:3.7.1=testCompileClasspath,testRuntimeClasspath
com.github.docker-java:docker-java-transport:3.7.1=testCompileClasspath,testRuntimeClasspath
com.github.jnr:jffi:1.2.16=testCompileClasspath,testRuntimeClasspath
com.github.jnr:jnr-constants:0.9.9=testCompileClasspath,testRuntimeClasspath
com.github.jnr:jnr-ffi:2.1.7=testCompileClasspath,testRuntimeClasspath
com.github.jnr:jnr-posix:3.0.44=testCompileClasspath,testRuntimeClasspath
com.github.jnr:jnr-x86asm:1.0.2=testCompileClasspath,testRuntimeClasspath
com.google.errorprone:error_prone_annotations:2.38.0=compileClasspath,runtimeClasspath,testCompileClasspath,testRuntimeClasspath
com.google.guava:failureaccess:1.0.3=testCompileClasspath,testRuntimeClasspath
com.google.guava:guava:33.6.0-jre=testCompileClasspath,testRuntimeClasspath
com.google.guava:listenablefuture:9999.0-empty-to-avoid-conflict-with-guava=testCompileClasspath,testRuntimeClasspath
com.google.j2objc:j2objc-annotations:3.1=testCompileClasspath,testRuntimeClasspath
com.google.protobuf:protobuf-bom:4.35.1=compileClasspath
com.googlecode.libphonenumber:libphonenumber:9.0.33=testCompileClasspath,testRuntimeClasspath
com.h2database:h2:2.4.240=testCompileClasspath,testRuntimeClasspath
com.jayway.jsonpath:json-path:2.10.0=testCompileClasspath,testRuntimeClasspath
com.ongres.scram:scram-client:3.4=testRuntimeClasspath
com.ongres.scram:scram-common:3.4=testRuntimeClasspath
com.ongres.stringprep:saslprep:2.4=testRuntimeClasspath
com.ongres.stringprep:stringprep:2.4=testRuntimeClasspath
com.squareup.okio:okio-jvm:3.18.1=compileClasspath,runtimeClasspath,testCompileClasspath,testRuntimeClasspath
com.squareup.okio:okio:3.18.1=compileClasspath,runtimeClasspath,testCompileClasspath,testRuntimeClasspath
com.typesafe:config:1.4.7=compileClasspath,runtimeClasspath,testCompileClasspath,testRuntimeClasspath
com.vaadin.external.google:android-json:0.0.20131108.vaadin1=testCompileClasspath,testRuntimeClasspath
commons-codec:commons-codec:1.21.0=testCompileClasspath,testRuntimeClasspath
commons-io:commons-io:2.22.0=testCompileClasspath,testRuntimeClasspath
commons-logging:commons-logging:1.3.6=compileClasspath,runtimeClasspath,testCompileClasspath,testRuntimeClasspath
io.asyncer:r2dbc-mysql:1.4.2=testRuntimeClasspath
io.dropwizard.metrics:metrics-core:3.2.2=testCompileClasspath,testRuntimeClasspath
io.github.benas:random-beans:3.9.0=testCompileClasspath,testRuntimeClasspath
io.github.bluetape4k.aws:bluetape4k-aws-bom:1.0.0=compileClasspath
io.github.bluetape4k.exposed:bluetape4k-exposed-bom:2.0.0=compileClasspath
io.github.bluetape4k.exposed:bluetape4k-exposed-core:2.0.0=compileClasspath,runtimeClasspath,testCompileClasspath,testRuntimeClasspath
io.github.bluetape4k.exposed:bluetape4k-exposed-dao:2.0.0=compileClasspath,runtimeClasspath,testCompileClasspath,testRuntimeClasspath
io.github.bluetape4k.exposed:bluetape4k-exposed-jdbc:2.0.0=compileClasspath,runtimeClasspath,testCompileClasspath,testRuntimeClasspath
io.github.bluetape4k.exposed:bluetape4k-exposed-r2dbc-tests:2.0.0=testCompileClasspath,testRuntimeClasspath
io.github.bluetape4k.graph:bluetape4k-graph-bom:1.0.0=compileClasspath
io.github.bluetape4k.image:bluetape4k-image-bom:1.0.0=compileClasspath
io.github.bluetape4k.javers:bluetape4k-javers-bom:1.0.0=compileClasspath
io.github.bluetape4k.leader:bluetape4k-leader-bom:1.0.0=compileClasspath
io.github.bluetape4k.text:bluetape4k-text-bom:1.0.0=compileClasspath
io.github.bluetape4k:bluetape4k-assertions:2.0.0=testCompileClasspath,testRuntimeClasspath
io.github.bluetape4k:bluetape4k-bom:2.0.0=compileClasspath
io.github.bluetape4k:bluetape4k-cache-core:2.0.0=compileClasspath,runtimeClasspath,testCompileClasspath,testRuntimeClasspath
io.github.bluetape4k:bluetape4k-core:2.0.0=compileClasspath,runtimeClasspath,testCompileClasspath,testRuntimeClasspath
io.github.bluetape4k:bluetape4k-coroutines:2.0.0=compileClasspath,runtimeClasspath,testCompileClasspath,testRuntimeClasspath
io.github.bluetape4k:bluetape4k-dependencies:2.0.0=compileClasspath
io.github.bluetape4k:bluetape4k-idgenerators:2.0.0=compileClasspath,runtimeClasspath,testCompileClasspath,testRuntimeClasspath
io.github.bluetape4k:bluetape4k-io:2.0.0=compileClasspath,runtimeClasspath,testCompileClasspath,testRuntimeClasspath
io.github.bluetape4k:bluetape4k-jdbc:2.0.0=compileClasspath,runtimeClasspath,testCompileClasspath,testRuntimeClasspath
io.github.bluetape4k:bluetape4k-junit5:2.0.0=testCompileClasspath,testRuntimeClasspath
io.github.bluetape4k:bluetape4k-logging:2.0.0=compileClasspath,runtimeClasspath,testCompileClasspath,testRuntimeClasspath
io.github.bluetape4k:bluetape4k-states:2.0.0=compileClasspath,runtimeClasspath,testCompileClasspath,testRuntimeClasspath
io.github.bluetape4k:bluetape4k-testcontainers:2.0.0=testCompileClasspath,testRuntimeClasspath
io.github.bluetape4k:bluetape4k-virtualthread-api:2.0.0=compileClasspath,runtimeClasspath,testCompileClasspath,testRuntimeClasspath
io.github.bluetape4k:bluetape4k-virtualthread-jdk25:2.0.0=runtimeClasspath,testRuntimeClasspath
io.github.classgraph:classgraph:4.8.189=testCompileClasspath,testRuntimeClasspath
io.github.resilience4j:resilience4j-core:2.4.0=runtimeClasspath,testRuntimeClasspath
io.github.resilience4j:resilience4j-kotlin:2.4.0=runtimeClasspath,testRuntimeClasspath
io.github.resilience4j:resilience4j-retry:2.4.0=runtimeClasspath,testRuntimeClasspath
io.ktor:ktor-bom:3.5.2=compileClasspath
io.micrometer:micrometer-commons:1.17.0=compileClasspath,runtimeClasspath,testCompileClasspath,testRuntimeClasspath
io.micrometer:micrometer-observation:1.17.0=compileClasspath,runtimeClasspath,testCompileClasspath,testRuntimeClasspath
io.mockk:mockk-agent-api-jvm:1.14.11=testCompileClasspath,testRuntimeClasspath
io.mockk:mockk-agent-api:1.14.11=testCompileClasspath,testRuntimeClasspath
io.mockk:mockk-agent-jvm:1.14.11=testCompileClasspath,testRuntimeClasspath
io.mockk:mockk-agent:1.14.11=testCompileClasspath,testRuntimeClasspath
io.mockk:mockk-core-jvm:1.14.11=testCompileClasspath,testRuntimeClasspath
io.mockk:mockk-core:1.14.11=testCompileClasspath,testRuntimeClasspath
io.mockk:mockk-dsl-jvm:1.14.11=testCompileClasspath,testRuntimeClasspath
io.mockk:mockk-dsl:1.14.11=testCompileClasspath,testRuntimeClasspath
io.mockk:mockk-jvm:1.14.11=testCompileClasspath,testRuntimeClasspath
io.mockk:mockk:1.14.11=testCompileClasspath,testRuntimeClasspath
io.netty:netty-bom:4.2.17.Final=compileClasspath
io.netty:netty-buffer:4.2.15.Final=testCompileClasspath,testRuntimeClasspath
io.netty:netty-codec-base:4.2.15.Final=testCompileClasspath,testRuntimeClasspath
io.netty:netty-codec-compression:4.2.15.Final=testRuntimeClasspath
io.netty:netty-codec-dns:4.2.15.Final=testRuntimeClasspath
io.netty:netty-codec-http:4.2.15.Final=testRuntimeClasspath
io.netty:netty-codec-socks:4.2.15.Final=testRuntimeClasspath
io.netty:netty-common:4.2.15.Final=testCompileClasspath,testRuntimeClasspath
io.netty:netty-handler-proxy:4.2.15.Final=testRuntimeClasspath
io.netty:netty-handler:4.2.15.Final=testCompileClasspath,testRuntimeClasspath
io.netty:netty-resolver-dns-classes-macos:4.2.15.Final=testRuntimeClasspath
io.netty:netty-resolver-dns-native-macos:4.2.15.Final=testRuntimeClasspath
io.netty:netty-resolver-dns:4.2.15.Final=testRuntimeClasspath
io.netty:netty-resolver:4.2.15.Final=testCompileClasspath,testRuntimeClasspath
io.netty:netty-transport-classes-epoll:4.2.15.Final=testRuntimeClasspath
io.netty:netty-transport-native-epoll:4.2.15.Final=testRuntimeClasspath
io.netty:netty-transport-native-unix-common:4.2.15.Final=testCompileClasspath,testRuntimeClasspath
io.netty:netty-transport:4.2.15.Final=testCompileClasspath,testRuntimeClasspath
io.opentelemetry:opentelemetry-bom:1.65.0=compileClasspath
io.projectreactor.addons:reactor-pool:1.2.6=testCompileClasspath,testRuntimeClasspath
io.projectreactor.netty:reactor-netty-core:1.3.6=testRuntimeClasspath
io.projectreactor:reactor-bom:2025.0.6=compileClasspath,runtimeClasspath,testRuntimeClasspath
io.projectreactor:reactor-core:3.8.6=testCompileClasspath,testRuntimeClasspath
io.r2dbc:r2dbc-h2:1.1.0.RELEASE=testRuntimeClasspath
io.r2dbc:r2dbc-pool:1.0.2.RELEASE=testCompileClasspath,testRuntimeClasspath
io.r2dbc:r2dbc-spi:1.0.0.RELEASE=compileClasspath,runtimeClasspath,testCompileClasspath,testRuntimeClasspath
io.vertx:vertx-dependencies:5.1.6=compileClasspath
jakarta.activation:jakarta.activation-api:2.1.4=testCompileClasspath,testRuntimeClasspath
jakarta.annotation:jakarta.annotation-api:3.0.0=testCompileClasspath,testRuntimeClasspath
jakarta.inject:jakarta.inject-api:2.0.1=compileClasspath,runtimeClasspath,testCompileClasspath,testRuntimeClasspath
jakarta.xml.bind:jakarta.xml.bind-api:4.0.5=testCompileClasspath,testRuntimeClasspath
javax.cache:cache-api:1.1.1=compileClasspath,runtimeClasspath,testCompileClasspath,testRuntimeClasspath
net.bytebuddy:byte-buddy-agent:1.18.10=testCompileClasspath,testRuntimeClasspath
net.bytebuddy:byte-buddy:1.18.10=testCompileClasspath,testRuntimeClasspath
net.datafaker:datafaker:2.7.0=testCompileClasspath,testRuntimeClasspath
net.java.dev.jna:jna-platform:5.19.1=testCompileClasspath,testRuntimeClasspath
net.java.dev.jna:jna:5.19.1=testCompileClasspath,testRuntimeClasspath
net.minidev:accessors-smart:2.6.0=testCompileClasspath,testRuntimeClasspath
net.minidev:json-smart:2.6.0=testCompileClasspath,testRuntimeClasspath
org.apache.commons:commons-compress:1.28.0=testCompileClasspath,testRuntimeClasspath
org.apache.commons:commons-lang3:3.20.0=compileClasspath,runtimeClasspath,testCompileClasspath,testRuntimeClasspath
org.apache.httpcomponents.client5:httpclient5-fluent:5.6.1=testRuntimeClasspath
org.apache.httpcomponents.client5:httpclient5:5.6.1=testRuntimeClasspath
org.apache.httpcomponents.core5:httpcore5-h2:5.4.2=testRuntimeClasspath
org.apache.httpcomponents.core5:httpcore5:5.4.2=testRuntimeClasspath
org.apache.logging.log4j:log4j-api:2.25.4=testCompileClasspath,testRuntimeClasspath
org.apache.logging.log4j:log4j-bom:2.26.1=compileClasspath
org.apache.logging.log4j:log4j-to-slf4j:2.25.4=testCompileClasspath,testRuntimeClasspath
org.apiguardian:apiguardian-api:1.1.2=testCompileClasspath
org.assertj:assertj-core:3.27.7=testCompileClasspath,testRuntimeClasspath
org.awaitility:awaitility-kotlin:4.3.0=testCompileClasspath,testRuntimeClasspath
org.awaitility:awaitility:4.3.0=testCompileClasspath,testRuntimeClasspath
org.codehaus.woodstox:stax2-api:4.2.2=dokkaHtmlGeneratorRuntimeResolver~internal
org.freemarker:freemarker:2.3.34=dokkaHtmlGeneratorRuntimeResolver~internal
org.hamcrest:hamcrest:3.0=testCompileClasspath,testRuntimeClasspath
org.jetbrains.dokka:analysis-kotlin-symbols:2.2.0=dokkaHtmlGeneratorRuntimeResolver~internal
org.jetbrains.dokka:analysis-markdown:2.2.0=dokkaHtmlGeneratorRuntimeResolver~internal
org.jetbrains.dokka:dokka-base:2.2.0=dokkaHtmlGeneratorRuntimeResolver~internal,dokkaHtmlPluginIntransitiveResolver~internal
org.jetbrains.dokka:dokka-core:2.2.0=dokkaHtmlGeneratorRuntimeResolver~internal
org.jetbrains.dokka:templating-plugin:2.2.0=dokkaHtmlGeneratorRuntimeResolver~internal,dokkaHtmlPluginIntransitiveResolver~internal
org.jetbrains.exposed:exposed-bom:1.4.0=compileClasspath,runtimeClasspath,testCompileClasspath,testRuntimeClasspath
org.jetbrains.exposed:exposed-core:1.5.0=compileClasspath,runtimeClasspath,testCompileClasspath,testRuntimeClasspath
org.jetbrains.exposed:exposed-dao:1.5.0=compileClasspath,runtimeClasspath,testCompileClasspath,testRuntimeClasspath
org.jetbrains.exposed:exposed-java-time:1.5.0=compileClasspath,runtimeClasspath,testCompileClasspath,testRuntimeClasspath
org.jetbrains.exposed:exposed-jdbc:1.5.0=compileClasspath,runtimeClasspath,testCompileClasspath,testRuntimeClasspath
org.jetbrains.exposed:exposed-migration-core:1.5.0=testRuntimeClasspath
org.jetbrains.exposed:exposed-migration-r2dbc:1.5.0=testRuntimeClasspath
org.jetbrains.exposed:exposed-r2dbc:1.5.0=compileClasspath,runtimeClasspath,testCompileClasspath,testRuntimeClasspath
org.jetbrains.exposed:spring7-transaction:1.5.0=compileClasspath,runtimeClasspath,testCompileClasspath,testRuntimeClasspath
org.jetbrains.kotlin:kotlin-allopen-compiler-plugin-embeddable:2.4.0=kotlinCompilerPluginClasspathMain,kotlinCompilerPluginClasspathTest
org.jetbrains.kotlin:kotlin-build-tools-api:2.4.0=kotlinBuildToolsApiClasspath,kotlinCompilerClasspath,kotlinKlibCommonizerClasspath
org.jetbrains.kotlin:kotlin-build-tools-api:2.4.20-RC3=kotlinAbiValidationCompatClasspath
org.jetbrains.kotlin:kotlin-build-tools-compat:2.4.0=kotlinAbiValidationCompatClasspath,kotlinBuildToolsApiClasspath,kotlinCompilerClasspath
org.jetbrains.kotlin:kotlin-build-tools-cri-impl:2.4.0=kotlinBuildToolsApiClasspath,kotlinCompilerClasspath
org.jetbrains.kotlin:kotlin-build-tools-cri-impl:2.4.20-RC3=kotlinAbiValidationCompatClasspath
org.jetbrains.kotlin:kotlin-build-tools-impl:2.4.0=kotlinBuildToolsApiClasspath,kotlinCompilerClasspath
org.jetbrains.kotlin:kotlin-build-tools-impl:2.4.20-RC3=kotlinAbiValidationCompatClasspath
org.jetbrains.kotlin:kotlin-compiler-embeddable:2.4.0=kotlinAbiValidationCompatClasspath,kotlinBuildToolsApiClasspath,kotlinCompilerClasspath,kotlinKlibCommonizerClasspath
org.jetbrains.kotlin:kotlin-compiler-runner:2.4.0=kotlinBuildToolsApiClasspath,kotlinCompilerClasspath
org.jetbrains.kotlin:kotlin-compiler-runner:2.4.20-RC3=kotlinAbiValidationCompatClasspath
org.jetbrains.kotlin:kotlin-daemon-client:2.4.0=kotlinAbiValidationCompatClasspath,kotlinBuildToolsApiClasspath,kotlinCompilerClasspath
org.jetbrains.kotlin:kotlin-daemon-embeddable:2.4.0=kotlinAbiValidationCompatClasspath,kotlinBuildToolsApiClasspath,kotlinCompilerClasspath,kotlinKlibCommonizerClasspath
org.jetbrains.kotlin:kotlin-klib-commonizer-embeddable:2.4.0=kotlinKlibCommonizerClasspath
org.jetbrains.kotlin:kotlin-reflect:2.4.0=compileClasspath,dokkaHtmlGeneratorRuntimeResolver~internal,kotlinAbiValidationCompatClasspath,kotlinBuildToolsApiClasspath,kotlinCompilerClasspath,kotlinKlibCommonizerClasspath,runtimeClasspath,testCompileClasspath,testRuntimeClasspath
org.jetbrains.kotlin:kotlin-script-runtime:2.4.0=kotlinAbiValidationCompatClasspath,kotlinBuildToolsApiClasspath,kotlinCompilerClasspath,kotlinCompilerPluginClasspathMain,kotlinCompilerPluginClasspathTest,kotlinKlibCommonizerClasspath
org.jetbrains.kotlin:kotlin-scripting-common:2.4.0=kotlinCompilerPluginClasspathMain,kotlinCompilerPluginClasspathTest
org.jetbrains.kotlin:kotlin-scripting-compiler-embeddable:2.4.0=kotlinCompilerPluginClasspathMain,kotlinCompilerPluginClasspathTest
org.jetbrains.kotlin:kotlin-scripting-compiler-impl-embeddable:2.4.0=kotlinCompilerPluginClasspathMain,kotlinCompilerPluginClasspathTest
org.jetbrains.kotlin:kotlin-scripting-jvm:2.4.0=kotlinCompilerPluginClasspathMain,kotlinCompilerPluginClasspathTest
org.jetbrains.kotlin:kotlin-stdlib-common:2.4.0=dokkaHtmlGeneratorRuntimeResolver~internal
org.jetbrains.kotlin:kotlin-stdlib-jdk7:2.4.0=runtimeClasspath,testRuntimeClasspath
org.jetbrains.kotlin:kotlin-stdlib-jdk8:2.4.0=runtimeClasspath,testRuntimeClasspath
org.jetbrains.kotlin:kotlin-stdlib:2.4.0=compileClasspath,dokkaHtmlGeneratorRuntimeResolver~internal,kotlinAbiValidationCompatClasspath,kotlinBuildToolsApiClasspath,kotlinCompilerClasspath,kotlinCompilerPluginClasspathMain,kotlinCompilerPluginClasspathTest,kotlinKlibCommonizerClasspath,runtimeClasspath,testCompileClasspath,testRuntimeClasspath
org.jetbrains.kotlin:kotlin-test-junit5:2.4.0=testCompileClasspath,testRuntimeClasspath
org.jetbrains.kotlin:kotlin-test:2.4.0=testCompileClasspath,testRuntimeClasspath
org.jetbrains.kotlin:kotlin-tooling-core:2.4.0=kotlinBuildToolsApiClasspath,kotlinCompilerClasspath
org.jetbrains.kotlin:kotlin-tooling-core:2.4.20-RC3=kotlinAbiValidationCompatClasspath
org.jetbrains.kotlinx:atomicfu-jvm:0.33.0=runtimeClasspath,testRuntimeClasspath
org.jetbrains.kotlinx:atomicfu:0.33.0=runtimeClasspath,testRuntimeClasspath
org.jetbrains.kotlinx:kotlinx-coroutines-bom:1.11.0=compileClasspath,dokkaHtmlGeneratorRuntimeResolver~internal,runtimeClasspath,testCompileClasspath,testRuntimeClasspath
org.jetbrains.kotlinx:kotlinx-coroutines-core-jvm:1.11.0=compileClasspath,dokkaHtmlGeneratorRuntimeResolver~internal,kotlinAbiValidationCompatClasspath,kotlinBuildToolsApiClasspath,kotlinCompilerClasspath,kotlinKlibCommonizerClasspath,runtimeClasspath,testCompileClasspath,testRuntimeClasspath
org.jetbrains.kotlinx:kotlinx-coroutines-core:1.11.0=compileClasspath,dokkaHtmlGeneratorRuntimeResolver~internal,runtimeClasspath,testCompileClasspath,testRuntimeClasspath
org.jetbrains.kotlinx:kotlinx-coroutines-reactive:1.11.0=compileClasspath,runtimeClasspath,testCompileClasspath,testRuntimeClasspath
org.jetbrains.kotlinx:kotlinx-coroutines-slf4j:1.11.0=runtimeClasspath,testRuntimeClasspath
org.jetbrains.kotlinx:kotlinx-coroutines-test-jvm:1.11.0=testCompileClasspath,testRuntimeClasspath
org.jetbrains.kotlinx:kotlinx-coroutines-test:1.11.0=testCompileClasspath,testRuntimeClasspath
org.jetbrains.kotlinx:kotlinx-datetime-jvm:0.7.1-0.6.x-compat=compileClasspath,runtimeClasspath,testCompileClasspath,testRuntimeClasspath
org.jetbrains.kotlinx:kotlinx-html-jvm:0.9.1=dokkaHtmlGeneratorRuntimeResolver~internal
org.jetbrains.kotlinx:kotlinx-serialization-bom:1.11.0=compileClasspath
org.jetbrains.kotlinx:kover-jvm-agent:0.9.8=koverJvmAgent,koverJvmReporter
org.jetbrains:annotations:13.0=kotlinAbiValidationCompatClasspath,kotlinBuildToolsApiClasspath,kotlinCompilerClasspath,kotlinCompilerPluginClasspathMain,kotlinCompilerPluginClasspathTest,kotlinKlibCommonizerClasspath
org.jetbrains:annotations:23.0.0=dokkaHtmlGeneratorRuntimeResolver~internal
org.jetbrains:annotations:26.1.0=compileClasspath,runtimeClasspath,testCompileClasspath,testRuntimeClasspath
org.jetbrains:markdown-jvm:0.7.3=dokkaHtmlGeneratorRuntimeResolver~internal
org.jetbrains:markdown:0.7.3=dokkaHtmlGeneratorRuntimeResolver~internal
org.jsoup:jsoup:1.16.1=dokkaHtmlGeneratorRuntimeResolver~internal
org.jspecify:jspecify:1.0.0=compileClasspath,runtimeClasspath,testCompileClasspath,testRuntimeClasspath
org.junit.jupiter:junit-jupiter-api:6.0.3=testCompileClasspath,testRuntimeClasspath
org.junit.jupiter:junit-jupiter-engine:6.0.3=testCompileClasspath,testRuntimeClasspath
org.junit.jupiter:junit-jupiter-params:6.0.3=testCompileClasspath,testRuntimeClasspath
org.junit.jupiter:junit-jupiter:6.0.3=testCompileClasspath,testRuntimeClasspath
org.junit.platform:junit-platform-commons:6.0.3=testCompileClasspath,testRuntimeClasspath
org.junit.platform:junit-platform-engine:6.0.3=testCompileClasspath,testRuntimeClasspath
org.junit.platform:junit-platform-launcher:6.0.3=testCompileClasspath,testRuntimeClasspath
org.junit:junit-bom:6.1.3=testCompileClasspath,testRuntimeClasspath
org.mariadb:r2dbc-mariadb:1.4.0=testRuntimeClasspath
org.mockito:mockito-core:5.23.0=testCompileClasspath,testRuntimeClasspath
org.mockito:mockito-junit-jupiter:5.23.0=testCompileClasspath,testRuntimeClasspath
org.objenesis:objenesis:3.4=testCompileClasspath,testRuntimeClasspath
org.opentest4j:opentest4j:1.3.0=testCompileClasspath,testRuntimeClasspath
org.osgi:org.osgi.annotation.bundle:2.0.0=testCompileClasspath
org.osgi:org.osgi.annotation.versioning:1.1.2=testCompileClasspath
org.osgi:org.osgi.namespace.extender:1.0.1=compileClasspath,runtimeClasspath,testCompileClasspath,testRuntimeClasspath
org.osgi:org.osgi.resource:1.0.0=testCompileClasspath
org.osgi:org.osgi.service.component.annotations:1.5.1=compileClasspath,runtimeClasspath,testCompileClasspath,testRuntimeClasspath
org.osgi:org.osgi.service.serviceloader:1.0.0=testCompileClasspath
org.osgi:org.osgi.util.function:1.0.0=compileClasspath,runtimeClasspath,testCompileClasspath,testRuntimeClasspath
org.osgi:org.osgi.util.promise:1.0.0=compileClasspath,runtimeClasspath,testCompileClasspath,testRuntimeClasspath
org.osgi:osgi.annotation:8.1.0=compileClasspath,runtimeClasspath,testCompileClasspath,testRuntimeClasspath
org.ow2.asm:asm-analysis:5.0.3=testCompileClasspath,testRuntimeClasspath
org.ow2.asm:asm-commons:5.0.3=testCompileClasspath,testRuntimeClasspath
org.ow2.asm:asm-tree:5.0.3=testCompileClasspath,testRuntimeClasspath
org.ow2.asm:asm-util:5.0.3=testCompileClasspath,testRuntimeClasspath
org.ow2.asm:asm:9.10.1=testCompileClasspath,testRuntimeClasspath
org.postgresql:postgresql:42.7.11=testCompileClasspath,testRuntimeClasspath
org.postgresql:r2dbc-postgresql:1.1.1.RELEASE=testRuntimeClasspath
org.reactivestreams:reactive-streams:1.0.4=compileClasspath,runtimeClasspath,testCompileClasspath,testRuntimeClasspath
org.rnorth.duct-tape:duct-tape:1.0.8=testCompileClasspath,testRuntimeClasspath
org.skyscreamer:jsonassert:1.5.3=testCompileClasspath,testRuntimeClasspath
org.slf4j:jcl-over-slf4j:2.0.18=runtimeClasspath,testCompileClasspath,testRuntimeClasspath
org.slf4j:jul-to-slf4j:2.0.18=testCompileClasspath,testRuntimeClasspath
org.slf4j:log4j-over-slf4j:2.0.18=testCompileClasspath,testRuntimeClasspath
org.slf4j:slf4j-api:2.0.18=compileClasspath,runtimeClasspath,testCompileClasspath,testRuntimeClasspath
org.springframework.boot:spring-boot-autoconfigure:4.1.0=compileClasspath,testCompileClasspath,testRuntimeClasspath
org.springframework.boot:spring-boot-dependencies:4.1.0=compileClasspath,runtimeClasspath,testRuntimeClasspath
org.springframework.boot:spring-boot-starter-logging:4.1.0=testCompileClasspath,testRuntimeClasspath
org.springframework.boot:spring-boot-starter-test:4.1.0=testCompileClasspath,testRuntimeClasspath
org.springframework.boot:spring-boot-starter:4.1.0=testCompileClasspath,testRuntimeClasspath
org.springframework.boot:spring-boot-test-autoconfigure:4.1.0=testCompileClasspath,testRuntimeClasspath
org.springframework.boot:spring-boot-test:4.1.0=testCompileClasspath,testRuntimeClasspath
org.springframework.boot:spring-boot:4.1.0=compileClasspath,testCompileClasspath,testRuntimeClasspath
org.springframework:spring-aop:7.0.8=compileClasspath,runtimeClasspath,testCompileClasspath,testRuntimeClasspath
org.springframework:spring-beans:7.0.8=compileClasspath,runtimeClasspath,testCompileClasspath,testRuntimeClasspath
org.springframework:spring-context:7.0.8=compileClasspath,runtimeClasspath,testCompileClasspath,testRuntimeClasspath
org.springframework:spring-core:7.0.8=compileClasspath,runtimeClasspath,testCompileClasspath,testRuntimeClasspath
org.springframework:spring-expression:7.0.8=compileClasspath,runtimeClasspath,testCompileClasspath,testRuntimeClasspath
org.springframework:spring-jdbc:7.0.8=compileClasspath,runtimeClasspath,testCompileClasspath,testRuntimeClasspath
org.springframework:spring-test:7.0.8=testCompileClasspath,testRuntimeClasspath
org.springframework:spring-tx:7.0.8=compileClasspath,runtimeClasspath,testCompileClasspath,testRuntimeClasspath
org.testcontainers:testcontainers-bom:2.0.5=testCompileClasspath,testRuntimeClasspath
org.testcontainers:testcontainers-cassandra:2.0.5=testCompileClasspath,testRuntimeClasspath
org.testcontainers:testcontainers-database-commons:2.0.5=testCompileClasspath,testRuntimeClasspath
org.testcontainers:testcontainers-jdbc:2.0.5=testCompileClasspath,testRuntimeClasspath
org.testcontainers:testcontainers-junit-jupiter:2.0.5=testCompileClasspath,testRuntimeClasspath
org.testcontainers:testcontainers-k3s:2.0.5=testCompileClasspath,testRuntimeClasspath
org.testcontainers:testcontainers-mariadb:2.0.5=testCompileClasspath,testRuntimeClasspath
org.testcontainers:testcontainers-mysql:2.0.5=testCompileClasspath,testRuntimeClasspath
org.testcontainers:testcontainers-postgresql:2.0.5=testCompileClasspath,testRuntimeClasspath
org.testcontainers:testcontainers:2.0.5=testCompileClasspath,testRuntimeClasspath
org.xmlunit:xmlunit-core:2.11.0=testCompileClasspath,testRuntimeClasspath
org.yaml:snakeyaml:2.6=testCompileClasspath,testRuntimeClasspath
software.amazon.awssdk:bom:2.51.3=compileClasspath
tools.jackson.core:jackson-core:3.1.4=compileClasspath,runtimeClasspath,testCompileClasspath,testRuntimeClasspath
tools.jackson.core:jackson-databind:3.1.4=compileClasspath,runtimeClasspath,testCompileClasspath,testRuntimeClasspath
tools.jackson.module:jackson-module-kotlin:3.1.4=compileClasspath,runtimeClasspath,testCompileClasspath,testRuntimeClasspath
tools.jackson:jackson-bom:3.1.4=compileClasspath,runtimeClasspath,testCompileClasspath,testRuntimeClasspath
empty=annotationProcessor,dokkaHtmlModuleOutputDirectoriesResolver~internal,dokkaHtmlPublicationPluginResolver~internal,implementationDependenciesMetadata,kotlinCompilerPluginClasspath,kotlinNativeCompilerPluginClasspath,kotlinScriptDefExtensions,koverExternalArtifacts,koverExternalArtifactsJvm,testAnnotationProcessor,testImplementationDependenciesMetadata,testKotlinScriptDefExtensions
